// !$*UTF8*$!
{
	archiveVersion = 1;
	classes = {
	};
	objectVersion = 56;
	objects = {

/* Begin PBXBuildFile section */
		3F51DBA82BE36582003A0974 /* Hike.swift in Sources */ = {isa = PBXBuildFile; fileRef = 3F51DBA72BE36582003A0974 /* Hike.swift */; };
		3F51DBD22BE36B51003A0974 /* Assets.xcassets in Resources */ = {isa = PBXBuildFile; fileRef = 3F51DBD12BE36B51003A0974 /* Assets.xcassets */; };
		3F51DBD52BE36B51003A0974 /* Preview Assets.xcassets in Resources */ = {isa = PBXBuildFile; fileRef = 3F51DBD42BE36B51003A0974 /* Preview Assets.xcassets */; };
		3F51DBD82BE36B51003A0974 /* WatchLandmarks Watch App.app in Embed Watch Content */ = {isa = PBXBuildFile; fileRef = 3F51DBCB2BE36B50003A0974 /* WatchLandmarks Watch App.app */; settings = {ATTRIBUTES = (RemoveHeadersOnCopy, ); }; };
		3F51DBDC2BE36BF2003A0974 /* landmarkData.json in Resources */ = {isa = PBXBuildFile; fileRef = 3FF581B42BD204FF00EEDF30 /* landmarkData.json */; };
		3F51DBDD2BE36BF2003A0974 /* hikeData.json in Resources */ = {isa = PBXBuildFile; fileRef = 3FD25A482BDA28BD00C5F8CC /* hikeData.json */; };
		3F51DBDE2BE36BF2003A0974 /* Assets.xcassets in Resources */ = {isa = PBXBuildFile; fileRef = 3F900D0E2BD0E7D900D2157F /* Assets.xcassets */; };
		3F51DBDF2BE36BF2003A0974 /* LandmarkRow.swift in Sources */ = {isa = PBXBuildFile; fileRef = 3FF581BC2BD2075A00EEDF30 /* LandmarkRow.swift */; };
		3F51DBE02BE36BF2003A0974 /* Landmark.swift in Sources */ = {isa = PBXBuildFile; fileRef = 3FF581B62BD2054300EEDF30 /* Landmark.swift */; };
		3F51DBE12BE36BF2003A0974 /* LandmarkList.swift in Sources */ = {isa = PBXBuildFile; fileRef = 3FF581BE2BD2095200EEDF30 /* LandmarkList.swift */; };
		3F51DBE22BE36BF2003A0974 /* Profile.swift in Sources */ = {isa = PBXBuildFile; fileRef = 3FCDFC602BE359C200149B5B /* Profile.swift */; };
		3F51DBE42BE36BF2003A0974 /* Hike.swift in Sources */ = {isa = PBXBuildFile; fileRef = 3F51DBA72BE36582003A0974 /* Hike.swift */; };
		3F51DBE52BE36BF2003A0974 /* MapView.swift in Sources */ = {isa = PBXBuildFile; fileRef = 3FF581B22BD1FCA900EEDF30 /* MapView.swift */; };
		3F51DBE62BE36BF2003A0974 /* ModelData.swift in Sources */ = {isa = PBXBuildFile; fileRef = 3FF581B82BD2069B00EEDF30 /* ModelData.swift */; };
		3F51DBE72BE36BF2003A0974 /* CircleImage.swift in Sources */ = {isa = PBXBuildFile; fileRef = 3FF581B02BD1F85300EEDF30 /* CircleImage.swift */; };
		3F51DBE92BE36C2B003A0974 /* LandmarkDetail.swift in Sources */ = {isa = PBXBuildFile; fileRef = 3F51DBE82BE36C2B003A0974 /* LandmarkDetail.swift */; };
		3F51DBEB2BE36C94003A0974 /* NotificationView.swift in Sources */ = {isa = PBXBuildFile; fileRef = 3F51DBEA2BE36C94003A0974 /* NotificationView.swift */; };
		3F900D0B2BD0E7D900D2157F /* ContentView.swift in Sources */ = {isa = PBXBuildFile; fileRef = 3F900D0A2BD0E7D900D2157F /* ContentView.swift */; };
		3F900D0D2BD0E7D900D2157F /* Item.swift in Sources */ = {isa = PBXBuildFile; fileRef = 3F900D0C2BD0E7D900D2157F /* Item.swift */; };
		3F900D0F2BD0E7D900D2157F /* Assets.xcassets in Resources */ = {isa = PBXBuildFile; fileRef = 3F900D0E2BD0E7D900D2157F /* Assets.xcassets */; };
		3F900D122BD0E7D900D2157F /* Preview Assets.xcassets in Resources */ = {isa = PBXBuildFile; fileRef = 3F900D112BD0E7D900D2157F /* Preview Assets.xcassets */; };
		3FB578D02BE482C40079D11E /* NotificationController.swift in Sources */ = {isa = PBXBuildFile; fileRef = 3FB578CF2BE482C40079D11E /* NotificationController.swift */; };
		3FB578DB2BE48DFD0079D11E /* LandmarksApp.swift in Sources */ = {isa = PBXBuildFile; fileRef = 3FBB805F2BDA195800B9B82F /* LandmarksApp.swift */; };
		3FB578DD2BE4902F0079D11E /* ContentView.swift in Sources */ = {isa = PBXBuildFile; fileRef = 3F51DBCF2BE36B50003A0974 /* ContentView.swift */; };
		3FBB80602BDA195800B9B82F /* LandmarksApp.swift in Sources */ = {isa = PBXBuildFile; fileRef = 3FBB805F2BDA195800B9B82F /* LandmarksApp.swift */; };
		3FBB80622BDA1A9A00B9B82F /* FavoriteButton.swift in Sources */ = {isa = PBXBuildFile; fileRef = 3FBB80612BDA1A9A00B9B82F /* FavoriteButton.swift */; };
		3FBB80672BDA1D8200B9B82F /* HexagonParameters.swift in Sources */ = {isa = PBXBuildFile; fileRef = 3FBB80662BDA1D8200B9B82F /* HexagonParameters.swift */; };
		3FBB80692BDA1DD800B9B82F /* BadgeBackground.swift in Sources */ = {isa = PBXBuildFile; fileRef = 3FBB80682BDA1DD800B9B82F /* BadgeBackground.swift */; };
		3FBB806B2BDA1EBA00B9B82F /* BadgeSymbol.swift in Sources */ = {isa = PBXBuildFile; fileRef = 3FBB806A2BDA1EBA00B9B82F /* BadgeSymbol.swift */; };
		3FBB806D2BDA1EF300B9B82F /* RotatedBadgeSymbol.swift in Sources */ = {isa = PBXBuildFile; fileRef = 3FBB806C2BDA1EF300B9B82F /* RotatedBadgeSymbol.swift */; };
		3FBB806F2BDA1F4D00B9B82F /* Badge.swift in Sources */ = {isa = PBXBuildFile; fileRef = 3FBB806E2BDA1F4D00B9B82F /* Badge.swift */; };
		3FCDFC5B2BE3563100149B5B /* CategoryHome.swift in Sources */ = {isa = PBXBuildFile; fileRef = 3FCDFC5A2BE3563100149B5B /* CategoryHome.swift */; };
		3FCDFC5D2BE3570800149B5B /* CategoryRow.swift in Sources */ = {isa = PBXBuildFile; fileRef = 3FCDFC5C2BE3570800149B5B /* CategoryRow.swift */; };
		3FCDFC5F2BE3573700149B5B /* CategoryItem.swift in Sources */ = {isa = PBXBuildFile; fileRef = 3FCDFC5E2BE3573700149B5B /* CategoryItem.swift */; };
		3FCDFC612BE359C200149B5B /* Profile.swift in Sources */ = {isa = PBXBuildFile; fileRef = 3FCDFC602BE359C200149B5B /* Profile.swift */; };
		3FCDFC642BE359FC00149B5B /* ProfileHost.swift in Sources */ = {isa = PBXBuildFile; fileRef = 3FCDFC632BE359FC00149B5B /* ProfileHost.swift */; };
		3FCDFC662BE35A3B00149B5B /* ProfileSummary.swift in Sources */ = {isa = PBXBuildFile; fileRef = 3FCDFC652BE35A3B00149B5B /* ProfileSummary.swift */; };
		3FCDFC682BE35A7000149B5B /* HikeBadge.swift in Sources */ = {isa = PBXBuildFile; fileRef = 3FCDFC672BE35A7000149B5B /* HikeBadge.swift */; };
		3FCDFC6A2BE35CF400149B5B /* ProfileEditor.swift in Sources */ = {isa = PBXBuildFile; fileRef = 3FCDFC692BE35CF400149B5B /* ProfileEditor.swift */; };
		3FCDFC6D2BE35DF000149B5B /* PageViewController.swift in Sources */ = {isa = PBXBuildFile; fileRef = 3FCDFC6C2BE35DF000149B5B /* PageViewController.swift */; };
		3FCDFC6F2BE35F0B00149B5B /* FeatureCard.swift in Sources */ = {isa = PBXBuildFile; fileRef = 3FCDFC6E2BE35F0B00149B5B /* FeatureCard.swift */; };
		3FCDFC712BE35F3A00149B5B /* PageView.swift in Sources */ = {isa = PBXBuildFile; fileRef = 3FCDFC702BE35F3A00149B5B /* PageView.swift */; };
		3FCDFC732BE3607600149B5B /* PageControl.swift in Sources */ = {isa = PBXBuildFile; fileRef = 3FCDFC722BE3607600149B5B /* PageControl.swift */; };
		3FD25A492BDA28BD00C5F8CC /* hikeData.json in Resources */ = {isa = PBXBuildFile; fileRef = 3FD25A482BDA28BD00C5F8CC /* hikeData.json */; };
		3FD25A5C2BDA2F1900C5F8CC /* GraphCapsule.swift in Sources */ = {isa = PBXBuildFile; fileRef = 3FD25A572BDA2F1900C5F8CC /* GraphCapsule.swift */; };
		3FD25A5D2BDA2F1900C5F8CC /* HikeDetail.swift in Sources */ = {isa = PBXBuildFile; fileRef = 3FD25A582BDA2F1900C5F8CC /* HikeDetail.swift */; };
		3FD25A5E2BDA2F1900C5F8CC /* HikeGraph.swift in Sources */ = {isa = PBXBuildFile; fileRef = 3FD25A592BDA2F1900C5F8CC /* HikeGraph.swift */; };
		3FD25A5F2BDA2F1900C5F8CC /* HikeView.swift in Sources */ = {isa = PBXBuildFile; fileRef = 3FD25A5A2BDA2F1900C5F8CC /* HikeView.swift */; };
		3FF581B12BD1F85300EEDF30 /* CircleImage.swift in Sources */ = {isa = PBXBuildFile; fileRef = 3FF581B02BD1F85300EEDF30 /* CircleImage.swift */; };
		3FF581B32BD1FCA900EEDF30 /* MapView.swift in Sources */ = {isa = PBXBuildFile; fileRef = 3FF581B22BD1FCA900EEDF30 /* MapView.swift */; };
		3FF581B52BD204FF00EEDF30 /* landmarkData.json in Resources */ = {isa = PBXBuildFile; fileRef = 3FF581B42BD204FF00EEDF30 /* landmarkData.json */; };
		3FF581B72BD2054300EEDF30 /* Landmark.swift in Sources */ = {isa = PBXBuildFile; fileRef = 3FF581B62BD2054300EEDF30 /* Landmark.swift */; };
		3FF581B92BD2069B00EEDF30 /* ModelData.swift in Sources */ = {isa = PBXBuildFile; fileRef = 3FF581B82BD2069B00EEDF30 /* ModelData.swift */; };
		3FF581BD2BD2075A00EEDF30 /* LandmarkRow.swift in Sources */ = {isa = PBXBuildFile; fileRef = 3FF581BC2BD2075A00EEDF30 /* LandmarkRow.swift */; };
		3FF581BF2BD2095200EEDF30 /* LandmarkList.swift in Sources */ = {isa = PBXBuildFile; fileRef = 3FF581BE2BD2095200EEDF30 /* LandmarkList.swift */; };
		3FF581C12BD217AC00EEDF30 /* LandmarkDetail.swift in Sources */ = {isa = PBXBuildFile; fileRef = 3FF581C02BD217AC00EEDF30 /* LandmarkDetail.swift */; };
/* End PBXBuildFile section */

/* Begin PBXContainerItemProxy section */
		3F51DBD62BE36B51003A0974 /* PBXContainerItemProxy */ = {
			isa = PBXContainerItemProxy;
			containerPortal = 3F900CFD2BD0E7D900D2157F /* Project object */;
			proxyType = 1;
			remoteGlobalIDString = 3F51DBCA2BE36B50003A0974;
			remoteInfo = "WatchLandmarks Watch App";
		};
/* End PBXContainerItemProxy section */

/* Begin PBXCopyFilesBuildPhase section */
		3FCDFCA02BE361FC00149B5B /* Embed Watch Content */ = {
			isa = PBXCopyFilesBuildPhase;
			buildActionMask = 2147483647;
			dstPath = "$(CONTENTS_FOLDER_PATH)/Watch";
			dstSubfolderSpec = 16;
			files = (
				3F51DBD82BE36B51003A0974 /* WatchLandmarks Watch App.app in Embed Watch Content */,
			);
			name = "Embed Watch Content";
			runOnlyForDeploymentPostprocessing = 0;
		};
/* End PBXCopyFilesBuildPhase section */

/* Begin PBXFileReference section */
		3F51DBA72BE36582003A0974 /* Hike.swift */ = {isa = PBXFileReference; lastKnownFileType = sourcecode.swift; path = Hike.swift; sourceTree = "<group>"; };
		3F51DBCB2BE36B50003A0974 /* WatchLandmarks Watch App.app */ = {isa = PBXFileReference; explicitFileType = wrapper.application; includeInIndex = 0; path = "WatchLandmarks Watch App.app"; sourceTree = BUILT_PRODUCTS_DIR; };
		3F51DBCF2BE36B50003A0974 /* ContentView.swift */ = {isa = PBXFileReference; lastKnownFileType = sourcecode.swift; path = ContentView.swift; sourceTree = "<group>"; };
		3F51DBD12BE36B51003A0974 /* Assets.xcassets */ = {isa = PBXFileReference; lastKnownFileType = folder.assetcatalog; path = Assets.xcassets; sourceTree = "<group>"; };
		3F51DBD42BE36B51003A0974 /* Preview Assets.xcassets */ = {isa = PBXFileReference; lastKnownFileType = folder.assetcatalog; path = "Preview Assets.xcassets"; sourceTree = "<group>"; };
		3F51DBE82BE36C2B003A0974 /* LandmarkDetail.swift */ = {isa = PBXFileReference; lastKnownFileType = sourcecode.swift; path = LandmarkDetail.swift; sourceTree = "<group>"; };
		3F51DBEA2BE36C94003A0974 /* NotificationView.swift */ = {isa = PBXFileReference; lastKnownFileType = sourcecode.swift; path = NotificationView.swift; sourceTree = "<group>"; };
		3F900D052BD0E7D900D2157F /* 0706012210018-NicholasChristopherSantoso-AFL3.app */ = {isa = PBXFileReference; explicitFileType = wrapper.application; includeInIndex = 0; path = "0706012210018-NicholasChristopherSantoso-AFL3.app"; sourceTree = BUILT_PRODUCTS_DIR; };
		3F900D0A2BD0E7D900D2157F /* ContentView.swift */ = {isa = PBXFileReference; lastKnownFileType = sourcecode.swift; path = ContentView.swift; sourceTree = "<group>"; };
		3F900D0C2BD0E7D900D2157F /* Item.swift */ = {isa = PBXFileReference; lastKnownFileType = sourcecode.swift; path = Item.swift; sourceTree = "<group>"; };
		3F900D0E2BD0E7D900D2157F /* Assets.xcassets */ = {isa = PBXFileReference; lastKnownFileType = folder.assetcatalog; path = Assets.xcassets; sourceTree = "<group>"; };
		3F900D112BD0E7D900D2157F /* Preview Assets.xcassets */ = {isa = PBXFileReference; lastKnownFileType = folder.assetcatalog; path = "Preview Assets.xcassets"; sourceTree = "<group>"; };
		3FB578CF2BE482C40079D11E /* NotificationController.swift */ = {isa = PBXFileReference; lastKnownFileType = sourcecode.swift; path = NotificationController.swift; sourceTree = "<group>"; };
		3FB578D12BE4834D0079D11E /* PushNotificationPayload.apns */ = {isa = PBXFileReference; lastKnownFileType = text; path = PushNotificationPayload.apns; sourceTree = "<group>"; };
		3FBB805F2BDA195800B9B82F /* LandmarksApp.swift */ = {isa = PBXFileReference; lastKnownFileType = sourcecode.swift; path = LandmarksApp.swift; sourceTree = "<group>"; };
		3FBB80612BDA1A9A00B9B82F /* FavoriteButton.swift */ = {isa = PBXFileReference; lastKnownFileType = sourcecode.swift; path = FavoriteButton.swift; sourceTree = "<group>"; };
		3FBB80662BDA1D8200B9B82F /* HexagonParameters.swift */ = {isa = PBXFileReference; lastKnownFileType = sourcecode.swift; path = HexagonParameters.swift; sourceTree = "<group>"; };
		3FBB80682BDA1DD800B9B82F /* BadgeBackground.swift */ = {isa = PBXFileReference; lastKnownFileType = sourcecode.swift; path = BadgeBackground.swift; sourceTree = "<group>"; };
		3FBB806A2BDA1EBA00B9B82F /* BadgeSymbol.swift */ = {isa = PBXFileReference; lastKnownFileType = sourcecode.swift; path = BadgeSymbol.swift; sourceTree = "<group>"; };
		3FBB806C2BDA1EF300B9B82F /* RotatedBadgeSymbol.swift */ = {isa = PBXFileReference; lastKnownFileType = sourcecode.swift; path = RotatedBadgeSymbol.swift; sourceTree = "<group>"; };
		3FBB806E2BDA1F4D00B9B82F /* Badge.swift */ = {isa = PBXFileReference; lastKnownFileType = sourcecode.swift; path = Badge.swift; sourceTree = "<group>"; };
		3FCDFC5A2BE3563100149B5B /* CategoryHome.swift */ = {isa = PBXFileReference; lastKnownFileType = sourcecode.swift; path = CategoryHome.swift; sourceTree = "<group>"; };
		3FCDFC5C2BE3570800149B5B /* CategoryRow.swift */ = {isa = PBXFileReference; lastKnownFileType = sourcecode.swift; path = CategoryRow.swift; sourceTree = "<group>"; };
		3FCDFC5E2BE3573700149B5B /* CategoryItem.swift */ = {isa = PBXFileReference; lastKnownFileType = sourcecode.swift; path = CategoryItem.swift; sourceTree = "<group>"; };
		3FCDFC602BE359C200149B5B /* Profile.swift */ = {isa = PBXFileReference; lastKnownFileType = sourcecode.swift; path = Profile.swift; sourceTree = "<group>"; };
		3FCDFC632BE359FC00149B5B /* ProfileHost.swift */ = {isa = PBXFileReference; lastKnownFileType = sourcecode.swift; path = ProfileHost.swift; sourceTree = "<group>"; };
		3FCDFC652BE35A3B00149B5B /* ProfileSummary.swift */ = {isa = PBXFileReference; lastKnownFileType = sourcecode.swift; path = ProfileSummary.swift; sourceTree = "<group>"; };
		3FCDFC672BE35A7000149B5B /* HikeBadge.swift */ = {isa = PBXFileReference; lastKnownFileType = sourcecode.swift; path = HikeBadge.swift; sourceTree = "<group>"; };
		3FCDFC692BE35CF400149B5B /* ProfileEditor.swift */ = {isa = PBXFileReference; lastKnownFileType = sourcecode.swift; path = ProfileEditor.swift; sourceTree = "<group>"; };
		3FCDFC6C2BE35DF000149B5B /* PageViewController.swift */ = {isa = PBXFileReference; lastKnownFileType = sourcecode.swift; path = PageViewController.swift; sourceTree = "<group>"; };
		3FCDFC6E2BE35F0B00149B5B /* FeatureCard.swift */ = {isa = PBXFileReference; lastKnownFileType = sourcecode.swift; path = FeatureCard.swift; sourceTree = "<group>"; };
		3FCDFC702BE35F3A00149B5B /* PageView.swift */ = {isa = PBXFileReference; lastKnownFileType = sourcecode.swift; path = PageView.swift; sourceTree = "<group>"; };
		3FCDFC722BE3607600149B5B /* PageControl.swift */ = {isa = PBXFileReference; lastKnownFileType = sourcecode.swift; path = PageControl.swift; sourceTree = "<group>"; };
		3FD25A482BDA28BD00C5F8CC /* hikeData.json */ = {isa = PBXFileReference; fileEncoding = 4; lastKnownFileType = text.json; path = hikeData.json; sourceTree = "<group>"; };
		3FD25A572BDA2F1900C5F8CC /* GraphCapsule.swift */ = {isa = PBXFileReference; fileEncoding = 4; lastKnownFileType = sourcecode.swift; path = GraphCapsule.swift; sourceTree = "<group>"; };
		3FD25A582BDA2F1900C5F8CC /* HikeDetail.swift */ = {isa = PBXFileReference; fileEncoding = 4; lastKnownFileType = sourcecode.swift; path = HikeDetail.swift; sourceTree = "<group>"; };
		3FD25A592BDA2F1900C5F8CC /* HikeGraph.swift */ = {isa = PBXFileReference; fileEncoding = 4; lastKnownFileType = sourcecode.swift; path = HikeGraph.swift; sourceTree = "<group>"; };
		3FD25A5A2BDA2F1900C5F8CC /* HikeView.swift */ = {isa = PBXFileReference; fileEncoding = 4; lastKnownFileType = sourcecode.swift; path = HikeView.swift; sourceTree = "<group>"; };
		3FF581B02BD1F85300EEDF30 /* CircleImage.swift */ = {isa = PBXFileReference; lastKnownFileType = sourcecode.swift; path = CircleImage.swift; sourceTree = "<group>"; };
		3FF581B22BD1FCA900EEDF30 /* MapView.swift */ = {isa = PBXFileReference; lastKnownFileType = sourcecode.swift; path = MapView.swift; sourceTree = "<group>"; };
		3FF581B42BD204FF00EEDF30 /* landmarkData.json */ = {isa = PBXFileReference; fileEncoding = 4; lastKnownFileType = text.json; path = landmarkData.json; sourceTree = "<group>"; };
		3FF581B62BD2054300EEDF30 /* Landmark.swift */ = {isa = PBXFileReference; lastKnownFileType = sourcecode.swift; path = Landmark.swift; sourceTree = "<group>"; };
		3FF581B82BD2069B00EEDF30 /* ModelData.swift */ = {isa = PBXFileReference; lastKnownFileType = sourcecode.swift; path = ModelData.swift; sourceTree = "<group>"; };
		3FF581BC2BD2075A00EEDF30 /* LandmarkRow.swift */ = {isa = PBXFileReference; lastKnownFileType = sourcecode.swift; path = LandmarkRow.swift; sourceTree = "<group>"; };
		3FF581BE2BD2095200EEDF30 /* LandmarkList.swift */ = {isa = PBXFileReference; lastKnownFileType = sourcecode.swift; path = LandmarkList.swift; sourceTree = "<group>"; };
		3FF581C02BD217AC00EEDF30 /* LandmarkDetail.swift */ = {isa = PBXFileReference; lastKnownFileType = sourcecode.swift; path = LandmarkDetail.swift; sourceTree = "<group>"; };
/* End PBXFileReference section */

/* Begin PBXFrameworksBuildPhase section */
		3F51DBC82BE36B50003A0974 /* Frameworks */ = {
			isa = PBXFrameworksBuildPhase;
			buildActionMask = 2147483647;
			files = (
			);
			runOnlyForDeploymentPostprocessing = 0;
		};
		3F900D022BD0E7D900D2157F /* Frameworks */ = {
			isa = PBXFrameworksBuildPhase;
			buildActionMask = 2147483647;
			files = (
			);
			runOnlyForDeploymentPostprocessing = 0;
		};
/* End PBXFrameworksBuildPhase section */

/* Begin PBXGroup section */
		3F51DBCC2BE36B50003A0974 /* WatchLandmarks Watch App */ = {
			isa = PBXGroup;
			children = (
				3F51DBCF2BE36B50003A0974 /* ContentView.swift */,
				3F51DBD12BE36B51003A0974 /* Assets.xcassets */,
				3F51DBD32BE36B51003A0974 /* Preview Content */,
				3F51DBE82BE36C2B003A0974 /* LandmarkDetail.swift */,
				3F51DBEA2BE36C94003A0974 /* NotificationView.swift */,
				3FB578CF2BE482C40079D11E /* NotificationController.swift */,
				3FB578D12BE4834D0079D11E /* PushNotificationPayload.apns */,
			);
			path = "WatchLandmarks Watch App";
			sourceTree = "<group>";
		};
		3F51DBD32BE36B51003A0974 /* Preview Content */ = {
			isa = PBXGroup;
			children = (
				3F51DBD42BE36B51003A0974 /* Preview Assets.xcassets */,
			);
			path = "Preview Content";
			sourceTree = "<group>";
		};
		3F900CFC2BD0E7D900D2157F = {
			isa = PBXGroup;
			children = (
				3F900D072BD0E7D900D2157F /* 0706012210018-NicholasChristopherSantoso-AFL3 */,
				3F51DBCC2BE36B50003A0974 /* WatchLandmarks Watch App */,
				3F900D062BD0E7D900D2157F /* Products */,
			);
			sourceTree = "<group>";
		};
		3F900D062BD0E7D900D2157F /* Products */ = {
			isa = PBXGroup;
			children = (
				3F900D052BD0E7D900D2157F /* 0706012210018-NicholasChristopherSantoso-AFL3.app */,
				3F51DBCB2BE36B50003A0974 /* WatchLandmarks Watch App.app */,
			);
			name = Products;
			sourceTree = "<group>";
		};
		3F900D072BD0E7D900D2157F /* 0706012210018-NicholasChristopherSantoso-AFL3 */ = {
			isa = PBXGroup;
			children = (
				3FBB80652BDA1B7100B9B82F /* Landmarks */,
				3F900D0C2BD0E7D900D2157F /* Item.swift */,
				3FD25A472BDA28A500C5F8CC /* Resources */,
				3F900D102BD0E7D900D2157F /* Preview Content */,
			);
			path = "0706012210018-NicholasChristopherSantoso-AFL3";
			sourceTree = "<group>";
		};
		3F900D102BD0E7D900D2157F /* Preview Content */ = {
			isa = PBXGroup;
			children = (
				3F900D112BD0E7D900D2157F /* Preview Assets.xcassets */,
			);
			path = "Preview Content";
			sourceTree = "<group>";
		};
		3FBB80632BDA1B0C00B9B82F /* Landmarks */ = {
			isa = PBXGroup;
			children = (
				3FF581C02BD217AC00EEDF30 /* LandmarkDetail.swift */,
				3FF581BC2BD2075A00EEDF30 /* LandmarkRow.swift */,
				3FF581BE2BD2095200EEDF30 /* LandmarkList.swift */,
			);
			path = Landmarks;
			sourceTree = "<group>";
		};
		3FBB80642BDA1B4100B9B82F /* Helper */ = {
			isa = PBXGroup;
			children = (
				3FF581B22BD1FCA900EEDF30 /* MapView.swift */,
				3FBB80612BDA1A9A00B9B82F /* FavoriteButton.swift */,
				3FF581B02BD1F85300EEDF30 /* CircleImage.swift */,
				3FCDFC6E2BE35F0B00149B5B /* FeatureCard.swift */,
			);
			path = Helper;
			sourceTree = "<group>";
		};
		3FBB80652BDA1B7100B9B82F /* Landmarks */ = {
			isa = PBXGroup;
			children = (
				3FBB805F2BDA195800B9B82F /* LandmarksApp.swift */,
				3FF581BB2BD2071000EEDF30 /* Views */,
				3FF581BA2BD206FE00EEDF30 /* Model */,
			);
			path = Landmarks;
			sourceTree = "<group>";
		};
		3FBB80702BDA1F7400B9B82F /* Badges */ = {
			isa = PBXGroup;
			children = (
				3FBB806A2BDA1EBA00B9B82F /* BadgeSymbol.swift */,
				3FBB806C2BDA1EF300B9B82F /* RotatedBadgeSymbol.swift */,
				3FBB80662BDA1D8200B9B82F /* HexagonParameters.swift */,
				3FBB80682BDA1DD800B9B82F /* BadgeBackground.swift */,
				3FBB806E2BDA1F4D00B9B82F /* Badge.swift */,
			);
			path = Badges;
			sourceTree = "<group>";
		};
		3FCDFC592BE3560F00149B5B /* Categories */ = {
			isa = PBXGroup;
			children = (
				3FCDFC5A2BE3563100149B5B /* CategoryHome.swift */,
				3FCDFC5C2BE3570800149B5B /* CategoryRow.swift */,
				3FCDFC5E2BE3573700149B5B /* CategoryItem.swift */,
			);
			path = Categories;
			sourceTree = "<group>";
		};
		3FCDFC622BE359D800149B5B /* Profiles */ = {
			isa = PBXGroup;
			children = (
				3FCDFC632BE359FC00149B5B /* ProfileHost.swift */,
				3FCDFC652BE35A3B00149B5B /* ProfileSummary.swift */,
				3FCDFC692BE35CF400149B5B /* ProfileEditor.swift */,
			);
			path = Profiles;
			sourceTree = "<group>";
		};
		3FCDFC6B2BE35DC100149B5B /* PageView */ = {
			isa = PBXGroup;
			children = (
				3FCDFC6C2BE35DF000149B5B /* PageViewController.swift */,
				3FCDFC702BE35F3A00149B5B /* PageView.swift */,
				3FCDFC722BE3607600149B5B /* PageControl.swift */,
			);
			path = PageView;
			sourceTree = "<group>";
		};
		3FD25A472BDA28A500C5F8CC /* Resources */ = {
			isa = PBXGroup;
			children = (
				3FF581B42BD204FF00EEDF30 /* landmarkData.json */,
				3FD25A482BDA28BD00C5F8CC /* hikeData.json */,
				3F900D0E2BD0E7D900D2157F /* Assets.xcassets */,
			);
			path = Resources;
			sourceTree = "<group>";
		};
		3FD25A5B2BDA2F1900C5F8CC /* Hikes */ = {
			isa = PBXGroup;
			children = (
				3FD25A572BDA2F1900C5F8CC /* GraphCapsule.swift */,
				3FD25A582BDA2F1900C5F8CC /* HikeDetail.swift */,
				3FD25A592BDA2F1900C5F8CC /* HikeGraph.swift */,
				3FD25A5A2BDA2F1900C5F8CC /* HikeView.swift */,
				3FCDFC672BE35A7000149B5B /* HikeBadge.swift */,
			);
			name = Hikes;
			path = "../../../../../../../Downloads/AnimatingViewsAndTransitions 2/Resources/Hikes";
			sourceTree = "<group>";
		};
		3FF581BA2BD206FE00EEDF30 /* Model */ = {
			isa = PBXGroup;
			children = (
				3F51DBA72BE36582003A0974 /* Hike.swift */,
				3FF581B62BD2054300EEDF30 /* Landmark.swift */,
				3FF581B82BD2069B00EEDF30 /* ModelData.swift */,
				3FCDFC602BE359C200149B5B /* Profile.swift */,
			);
			path = Model;
			sourceTree = "<group>";
		};
		3FF581BB2BD2071000EEDF30 /* Views */ = {
			isa = PBXGroup;
			children = (
				3F900D0A2BD0E7D900D2157F /* ContentView.swift */,
				3FCDFC592BE3560F00149B5B /* Categories */,
				3FCDFC6B2BE35DC100149B5B /* PageView */,
				3FCDFC622BE359D800149B5B /* Profiles */,
				3FD25A5B2BDA2F1900C5F8CC /* Hikes */,
				3FBB80702BDA1F7400B9B82F /* Badges */,
				3FBB80632BDA1B0C00B9B82F /* Landmarks */,
				3FBB80642BDA1B4100B9B82F /* Helper */,
			);
			path = Views;
			sourceTree = "<group>";
		};
/* End PBXGroup section */

/* Begin PBXNativeTarget section */
		3F51DBCA2BE36B50003A0974 /* WatchLandmarks Watch App */ = {
			isa = PBXNativeTarget;
			buildConfigurationList = 3F51DBD92BE36B51003A0974 /* Build configuration list for PBXNativeTarget "WatchLandmarks Watch App" */;
			buildPhases = (
				3F51DBC72BE36B50003A0974 /* Sources */,
				3F51DBC82BE36B50003A0974 /* Frameworks */,
				3F51DBC92BE36B50003A0974 /* Resources */,
			);
			buildRules = (
			);
			dependencies = (
			);
			name = "WatchLandmarks Watch App";
			productName = "WatchLandmarks Watch App";
			productReference = 3F51DBCB2BE36B50003A0974 /* WatchLandmarks Watch App.app */;
			productType = "com.apple.product-type.application";
		};
		3F900D042BD0E7D900D2157F /* 0706012210018-NicholasChristopherSantoso-AFL3 */ = {
			isa = PBXNativeTarget;
			buildConfigurationList = 3F900D2B2BD0E7DA00D2157F /* Build configuration list for PBXNativeTarget "0706012210018-NicholasChristopherSantoso-AFL3" */;
			buildPhases = (
				3F900D012BD0E7D900D2157F /* Sources */,
				3F900D022BD0E7D900D2157F /* Frameworks */,
				3F900D032BD0E7D900D2157F /* Resources */,
				3FCDFCA02BE361FC00149B5B /* Embed Watch Content */,
			);
			buildRules = (
			);
			dependencies = (
				3F51DBD72BE36B51003A0974 /* PBXTargetDependency */,
			);
			name = "0706012210018-NicholasChristopherSantoso-AFL3";
			productName = "0706012210018-NicholasChristopherSantoso-AFL3";
			productReference = 3F900D052BD0E7D900D2157F /* 0706012210018-NicholasChristopherSantoso-AFL3.app */;
			productType = "com.apple.product-type.application";
		};
/* End PBXNativeTarget section */

/* Begin PBXProject section */
		3F900CFD2BD0E7D900D2157F /* Project object */ = {
			isa = PBXProject;
			attributes = {
				BuildIndependentTargetsInParallel = 1;
				LastSwiftUpdateCheck = 1530;
				LastUpgradeCheck = 1530;
				TargetAttributes = {
					3F51DBCA2BE36B50003A0974 = {
						CreatedOnToolsVersion = 15.3;
					};
					3F900D042BD0E7D900D2157F = {
						CreatedOnToolsVersion = 15.3;
					};
				};
			};
			buildConfigurationList = 3F900D002BD0E7D900D2157F /* Build configuration list for PBXProject "0706012210018-NicholasChristopherSantoso-AFL3" */;
			compatibilityVersion = "Xcode 14.0";
			developmentRegion = en;
			hasScannedForEncodings = 0;
			knownRegions = (
				en,
				Base,
			);
			mainGroup = 3F900CFC2BD0E7D900D2157F;
			productRefGroup = 3F900D062BD0E7D900D2157F /* Products */;
			projectDirPath = "";
			projectRoot = "";
			targets = (
				3F900D042BD0E7D900D2157F /* 0706012210018-NicholasChristopherSantoso-AFL3 */,
				3F51DBCA2BE36B50003A0974 /* WatchLandmarks Watch App */,
			);
		};
/* End PBXProject section */

/* Begin PBXResourcesBuildPhase section */
		3F51DBC92BE36B50003A0974 /* Resources */ = {
			isa = PBXResourcesBuildPhase;
			buildActionMask = 2147483647;
			files = (
				3F51DBD52BE36B51003A0974 /* Preview Assets.xcassets in Resources */,
				3F51DBDC2BE36BF2003A0974 /* landmarkData.json in Resources */,
				3F51DBDD2BE36BF2003A0974 /* hikeData.json in Resources */,
				3F51DBDE2BE36BF2003A0974 /* Assets.xcassets in Resources */,
				3F51DBD22BE36B51003A0974 /* Assets.xcassets in Resources */,
			);
			runOnlyForDeploymentPostprocessing = 0;
		};
		3F900D032BD0E7D900D2157F /* Resources */ = {
			isa = PBXResourcesBuildPhase;
			buildActionMask = 2147483647;
			files = (
				3FD25A492BDA28BD00C5F8CC /* hikeData.json in Resources */,
				3F900D122BD0E7D900D2157F /* Preview Assets.xcassets in Resources */,
				3F900D0F2BD0E7D900D2157F /* Assets.xcassets in Resources */,
				3FF581B52BD204FF00EEDF30 /* landmarkData.json in Resources */,
			);
			runOnlyForDeploymentPostprocessing = 0;
		};
/* End PBXResourcesBuildPhase section */

/* Begin PBXSourcesBuildPhase section */
		3F51DBC72BE36B50003A0974 /* Sources */ = {
			isa = PBXSourcesBuildPhase;
			buildActionMask = 2147483647;
			files = (
				3F51DBDF2BE36BF2003A0974 /* LandmarkRow.swift in Sources */,
				3FB578DB2BE48DFD0079D11E /* LandmarksApp.swift in Sources */,
				3F51DBE02BE36BF2003A0974 /* Landmark.swift in Sources */,
				3F51DBE12BE36BF2003A0974 /* LandmarkList.swift in Sources */,
				3F51DBEB2BE36C94003A0974 /* NotificationView.swift in Sources */,
				3F51DBE22BE36BF2003A0974 /* Profile.swift in Sources */,
				3F51DBE92BE36C2B003A0974 /* LandmarkDetail.swift in Sources */,
				3F51DBE42BE36BF2003A0974 /* Hike.swift in Sources */,
				3F51DBE52BE36BF2003A0974 /* MapView.swift in Sources */,
				3F51DBE62BE36BF2003A0974 /* ModelData.swift in Sources */,
				3FB578DD2BE4902F0079D11E /* ContentView.swift in Sources */,
				3FB578D02BE482C40079D11E /* NotificationController.swift in Sources */,
				3F51DBE72BE36BF2003A0974 /* CircleImage.swift in Sources */,
			);
			runOnlyForDeploymentPostprocessing = 0;
		};
		3F900D012BD0E7D900D2157F /* Sources */ = {
			isa = PBXSourcesBuildPhase;
			buildActionMask = 2147483647;
			files = (
				3F900D0B2BD0E7D900D2157F /* ContentView.swift in Sources */,
				3FBB806F2BDA1F4D00B9B82F /* Badge.swift in Sources */,
				3FCDFC6A2BE35CF400149B5B /* ProfileEditor.swift in Sources */,
				3FCDFC662BE35A3B00149B5B /* ProfileSummary.swift in Sources */,
				3FF581B12BD1F85300EEDF30 /* CircleImage.swift in Sources */,
				3FCDFC612BE359C200149B5B /* Profile.swift in Sources */,
				3FF581B32BD1FCA900EEDF30 /* MapView.swift in Sources */,
				3FD25A5E2BDA2F1900C5F8CC /* HikeGraph.swift in Sources */,
				3FCDFC642BE359FC00149B5B /* ProfileHost.swift in Sources */,
				3FBB80622BDA1A9A00B9B82F /* FavoriteButton.swift in Sources */,
				3F51DBA82BE36582003A0974 /* Hike.swift in Sources */,
				3F900D0D2BD0E7D900D2157F /* Item.swift in Sources */,
				3FBB80602BDA195800B9B82F /* LandmarksApp.swift in Sources */,
				3FF581BF2BD2095200EEDF30 /* LandmarkList.swift in Sources */,
				3FCDFC6D2BE35DF000149B5B /* PageViewController.swift in Sources */,
				3FCDFC5D2BE3570800149B5B /* CategoryRow.swift in Sources */,
				3FBB806B2BDA1EBA00B9B82F /* BadgeSymbol.swift in Sources */,
				3FF581B72BD2054300EEDF30 /* Landmark.swift in Sources */,
				3FCDFC6F2BE35F0B00149B5B /* FeatureCard.swift in Sources */,
				3FCDFC712BE35F3A00149B5B /* PageView.swift in Sources */,
				3FD25A5F2BDA2F1900C5F8CC /* HikeView.swift in Sources */,
				3FBB80692BDA1DD800B9B82F /* BadgeBackground.swift in Sources */,
				3FBB80672BDA1D8200B9B82F /* HexagonParameters.swift in Sources */,
				3FF581BD2BD2075A00EEDF30 /* LandmarkRow.swift in Sources */,
				3FF581C12BD217AC00EEDF30 /* LandmarkDetail.swift in Sources */,
				3FCDFC682BE35A7000149B5B /* HikeBadge.swift in Sources */,
				3FCDFC5F2BE3573700149B5B /* CategoryItem.swift in Sources */,
				3FF581B92BD2069B00EEDF30 /* ModelData.swift in Sources */,
				3FD25A5C2BDA2F1900C5F8CC /* GraphCapsule.swift in Sources */,
				3FBB806D2BDA1EF300B9B82F /* RotatedBadgeSymbol.swift in Sources */,
				3FCDFC5B2BE3563100149B5B /* CategoryHome.swift in Sources */,
				3FCDFC732BE3607600149B5B /* PageControl.swift in Sources */,
				3FD25A5D2BDA2F1900C5F8CC /* HikeDetail.swift in Sources */,
			);
			runOnlyForDeploymentPostprocessing = 0;
		};
/* End PBXSourcesBuildPhase section */

/* Begin PBXTargetDependency section */
		3F51DBD72BE36B51003A0974 /* PBXTargetDependency */ = {
			isa = PBXTargetDependency;
			target = 3F51DBCA2BE36B50003A0974 /* WatchLandmarks Watch App */;
			targetProxy = 3F51DBD62BE36B51003A0974 /* PBXContainerItemProxy */;
		};
/* End PBXTargetDependency section */

/* Begin XCBuildConfiguration section */
		3F51DBDA2BE36B51003A0974 /* Debug */ = {
			isa = XCBuildConfiguration;
			buildSettings = {
				ASSETCATALOG_COMPILER_APPICON_NAME = AppIcon;
				ASSETCATALOG_COMPILER_GLOBAL_ACCENT_COLOR_NAME = AccentColor;
				CODE_SIGN_STYLE = Automatic;
				CURRENT_PROJECT_VERSION = 1;
				DEVELOPMENT_ASSET_PATHS = "\"WatchLandmarks Watch App/Preview Content\"";
				ENABLE_PREVIEWS = YES;
				GENERATE_INFOPLIST_FILE = YES;
				INFOPLIST_KEY_CFBundleDisplayName = WatchLandmarks;
				INFOPLIST_KEY_UISupportedInterfaceOrientations = "UIInterfaceOrientationPortrait UIInterfaceOrientationPortraitUpsideDown";
				INFOPLIST_KEY_WKCompanionAppBundleIdentifier = "com.nicholascs.-706012210018-NicholasChristopherSantoso-AFL3";
				INFOPLIST_KEY_WKRunsIndependentlyOfCompanionApp = YES;
				LD_RUNPATH_SEARCH_PATHS = (
					"$(inherited)",
					"@executable_path/Frameworks",
				);
				MARKETING_VERSION = 1.0;
				PRODUCT_BUNDLE_IDENTIFIER = "com.nicholascs.-706012210018-NicholasChristopherSantoso-AFL3.watchkitapp";
				PRODUCT_NAME = "$(TARGET_NAME)";
				SDKROOT = watchos;
				SKIP_INSTALL = YES;
				SWIFT_EMIT_LOC_STRINGS = YES;
				SWIFT_VERSION = 5.0;
				TARGETED_DEVICE_FAMILY = 4;
				WATCHOS_DEPLOYMENT_TARGET = 10.4;
			};
			name = Debug;
		};
		3F51DBDB2BE36B51003A0974 /* Release */ = {
			isa = XCBuildConfiguration;
			buildSettings = {
				ASSETCATALOG_COMPILER_APPICON_NAME = AppIcon;
				ASSETCATALOG_COMPILER_GLOBAL_ACCENT_COLOR_NAME = AccentColor;
				CODE_SIGN_STYLE = Automatic;
				CURRENT_PROJECT_VERSION = 1;
				DEVELOPMENT_ASSET_PATHS = "\"WatchLandmarks Watch App/Preview Content\"";
				ENABLE_PREVIEWS = YES;
				GENERATE_INFOPLIST_FILE = YES;
				INFOPLIST_KEY_CFBundleDisplayName = WatchLandmarks;
				INFOPLIST_KEY_UISupportedInterfaceOrientations = "UIInterfaceOrientationPortrait UIInterfaceOrientationPortraitUpsideDown";
				INFOPLIST_KEY_WKCompanionAppBundleIdentifier = "com.nicholascs.-706012210018-NicholasChristopherSantoso-AFL3";
				INFOPLIST_KEY_WKRunsIndependentlyOfCompanionApp = YES;
				LD_RUNPATH_SEARCH_PATHS = (
					"$(inherited)",
					"@executable_path/Frameworks",
				);
				MARKETING_VERSION = 1.0;
				PRODUCT_BUNDLE_IDENTIFIER = "com.nicholascs.-706012210018-NicholasChristopherSantoso-AFL3.watchkitapp";
				PRODUCT_NAME = "$(TARGET_NAME)";
				SDKROOT = watchos;
				SKIP_INSTALL = YES;
				SWIFT_EMIT_LOC_STRINGS = YES;
				SWIFT_VERSION = 5.0;
				TARGETED_DEVICE_FAMILY = 4;
				WATCHOS_DEPLOYMENT_TARGET = 10.4;
			};
			name = Release;
		};
		3F900D292BD0E7DA00D2157F /* Debug */ = {
			isa = XCBuildConfiguration;
			buildSettings = {
				ALWAYS_SEARCH_USER_PATHS = NO;
				ASSETCATALOG_COMPILER_GENERATE_SWIFT_ASSET_SYMBOL_EXTENSIONS = YES;
				CLANG_ANALYZER_NONNULL = YES;
				CLANG_ANALYZER_NUMBER_OBJECT_CONVERSION = YES_AGGRESSIVE;
				CLANG_CXX_LANGUAGE_STANDARD = "gnu++20";
				CLANG_ENABLE_MODULES = YES;
				CLANG_ENABLE_OBJC_ARC = YES;
				CLANG_ENABLE_OBJC_WEAK = YES;
				CLANG_WARN_BLOCK_CAPTURE_AUTORELEASING = YES;
				CLANG_WARN_BOOL_CONVERSION = YES;
				CLANG_WARN_COMMA = YES;
				CLANG_WARN_CONSTANT_CONVERSION = YES;
				CLANG_WARN_DEPRECATED_OBJC_IMPLEMENTATIONS = YES;
				CLANG_WARN_DIRECT_OBJC_ISA_USAGE = YES_ERROR;
				CLANG_WARN_DOCUMENTATION_COMMENTS = YES;
				CLANG_WARN_EMPTY_BODY = YES;
				CLANG_WARN_ENUM_CONVERSION = YES;
				CLANG_WARN_INFINITE_RECURSION = YES;
				CLANG_WARN_INT_CONVERSION = YES;
				CLANG_WARN_NON_LITERAL_NULL_CONVERSION = YES;
				CLANG_WARN_OBJC_IMPLICIT_RETAIN_SELF = YES;
				CLANG_WARN_OBJC_LITERAL_CONVERSION = YES;
				CLANG_WARN_OBJC_ROOT_CLASS = YES_ERROR;
				CLANG_WARN_QUOTED_INCLUDE_IN_FRAMEWORK_HEADER = YES;
				CLANG_WARN_RANGE_LOOP_ANALYSIS = YES;
				CLANG_WARN_STRICT_PROTOTYPES = YES;
				CLANG_WARN_SUSPICIOUS_MOVE = YES;
				CLANG_WARN_UNGUARDED_AVAILABILITY = YES_AGGRESSIVE;
				CLANG_WARN_UNREACHABLE_CODE = YES;
				CLANG_WARN__DUPLICATE_METHOD_MATCH = YES;
				COPY_PHASE_STRIP = NO;
				DEBUG_INFORMATION_FORMAT = dwarf;
				ENABLE_STRICT_OBJC_MSGSEND = YES;
				ENABLE_TESTABILITY = YES;
				ENABLE_USER_SCRIPT_SANDBOXING = YES;
				GCC_C_LANGUAGE_STANDARD = gnu17;
				GCC_DYNAMIC_NO_PIC = NO;
				GCC_NO_COMMON_BLOCKS = YES;
				GCC_OPTIMIZATION_LEVEL = 0;
				GCC_PREPROCESSOR_DEFINITIONS = (
					"DEBUG=1",
					"$(inherited)",
				);
				GCC_WARN_64_TO_32_BIT_CONVERSION = YES;
				GCC_WARN_ABOUT_RETURN_TYPE = YES_ERROR;
				GCC_WARN_UNDECLARED_SELECTOR = YES;
				GCC_WARN_UNINITIALIZED_AUTOS = YES_AGGRESSIVE;
				GCC_WARN_UNUSED_FUNCTION = YES;
				GCC_WARN_UNUSED_VARIABLE = YES;
				IPHONEOS_DEPLOYMENT_TARGET = 17.4;
				LOCALIZATION_PREFERS_STRING_CATALOGS = YES;
				MTL_ENABLE_DEBUG_INFO = INCLUDE_SOURCE;
				MTL_FAST_MATH = YES;
				ONLY_ACTIVE_ARCH = YES;
				SDKROOT = iphoneos;
				SWIFT_ACTIVE_COMPILATION_CONDITIONS = "DEBUG $(inherited)";
				SWIFT_OPTIMIZATION_LEVEL = "-Onone";
			};
			name = Debug;
		};
		3F900D2A2BD0E7DA00D2157F /* Release */ = {
			isa = XCBuildConfiguration;
			buildSettings = {
				ALWAYS_SEARCH_USER_PATHS = NO;
				ASSETCATALOG_COMPILER_GENERATE_SWIFT_ASSET_SYMBOL_EXTENSIONS = YES;
				CLANG_ANALYZER_NONNULL = YES;
				CLANG_ANALYZER_NUMBER_OBJECT_CONVERSION = YES_AGGRESSIVE;
				CLANG_CXX_LANGUAGE_STANDARD = "gnu++20";
				CLANG_ENABLE_MODULES = YES;
				CLANG_ENABLE_OBJC_ARC = YES;
				CLANG_ENABLE_OBJC_WEAK = YES;
				CLANG_WARN_BLOCK_CAPTURE_AUTORELEASING = YES;
				CLANG_WARN_BOOL_CONVERSION = YES;
				CLANG_WARN_COMMA = YES;
				CLANG_WARN_CONSTANT_CONVERSION = YES;
				CLANG_WARN_DEPRECATED_OBJC_IMPLEMENTATIONS = YES;
				CLANG_WARN_DIRECT_OBJC_ISA_USAGE = YES_ERROR;
				CLANG_WARN_DOCUMENTATION_COMMENTS = YES;
				CLANG_WARN_EMPTY_BODY = YES;
				CLANG_WARN_ENUM_CONVERSION = YES;
				CLANG_WARN_INFINITE_RECURSION = YES;
				CLANG_WARN_INT_CONVERSION = YES;
				CLANG_WARN_NON_LITERAL_NULL_CONVERSION = YES;
				CLANG_WARN_OBJC_IMPLICIT_RETAIN_SELF = YES;
				CLANG_WARN_OBJC_LITERAL_CONVERSION = YES;
				CLANG_WARN_OBJC_ROOT_CLASS = YES_ERROR;
				CLANG_WARN_QUOTED_INCLUDE_IN_FRAMEWORK_HEADER = YES;
				CLANG_WARN_RANGE_LOOP_ANALYSIS = YES;
				CLANG_WARN_STRICT_PROTOTYPES = YES;
				CLANG_WARN_SUSPICIOUS_MOVE = YES;
				CLANG_WARN_UNGUARDED_AVAILABILITY = YES_AGGRESSIVE;
				CLANG_WARN_UNREACHABLE_CODE = YES;
				CLANG_WARN__DUPLICATE_METHOD_MATCH = YES;
				COPY_PHASE_STRIP = NO;
				DEBUG_INFORMATION_FORMAT = "dwarf-with-dsym";
				ENABLE_NS_ASSERTIONS = NO;
				ENABLE_STRICT_OBJC_MSGSEND = YES;
				ENABLE_USER_SCRIPT_SANDBOXING = YES;
				GCC_C_LANGUAGE_STANDARD = gnu17;
				GCC_NO_COMMON_BLOCKS = YES;
				GCC_WARN_64_TO_32_BIT_CONVERSION = YES;
				GCC_WARN_ABOUT_RETURN_TYPE = YES_ERROR;
				GCC_WARN_UNDECLARED_SELECTOR = YES;
				GCC_WARN_UNINITIALIZED_AUTOS = YES_AGGRESSIVE;
				GCC_WARN_UNUSED_FUNCTION = YES;
				GCC_WARN_UNUSED_VARIABLE = YES;
				IPHONEOS_DEPLOYMENT_TARGET = 17.4;
				LOCALIZATION_PREFERS_STRING_CATALOGS = YES;
				MTL_ENABLE_DEBUG_INFO = NO;
				MTL_FAST_MATH = YES;
				SDKROOT = iphoneos;
				SWIFT_COMPILATION_MODE = wholemodule;
				VALIDATE_PRODUCT = YES;
			};
			name = Release;
		};
		3F900D2C2BD0E7DA00D2157F /* Debug */ = {
			isa = XCBuildConfiguration;
			buildSettings = {
				ALWAYS_EMBED_SWIFT_STANDARD_LIBRARIES = YES;
				ASSETCATALOG_COMPILER_APPICON_NAME = AppIcon;
				ASSETCATALOG_COMPILER_GLOBAL_ACCENT_COLOR_NAME = AccentColor;
				CODE_SIGN_STYLE = Automatic;
				CURRENT_PROJECT_VERSION = 1;
				DEVELOPMENT_ASSET_PATHS = "\"0706012210018-NicholasChristopherSantoso-AFL3/Preview Content\"";
				ENABLE_PREVIEWS = YES;
				GENERATE_INFOPLIST_FILE = YES;
				INFOPLIST_KEY_UIApplicationSceneManifest_Generation = YES;
				INFOPLIST_KEY_UIApplicationSupportsIndirectInputEvents = YES;
				INFOPLIST_KEY_UILaunchScreen_Generation = YES;
				INFOPLIST_KEY_UISupportedInterfaceOrientations_iPad = "UIInterfaceOrientationPortrait UIInterfaceOrientationPortraitUpsideDown UIInterfaceOrientationLandscapeLeft UIInterfaceOrientationLandscapeRight";
				INFOPLIST_KEY_UISupportedInterfaceOrientations_iPhone = "UIInterfaceOrientationPortrait UIInterfaceOrientationLandscapeLeft UIInterfaceOrientationLandscapeRight";
				LD_RUNPATH_SEARCH_PATHS = (
					"$(inherited)",
					"@executable_path/Frameworks",
				);
				MARKETING_VERSION = 1.0;
				PRODUCT_BUNDLE_IDENTIFIER = "com.nicholascs.-706012210018-NicholasChristopherSantoso-AFL3";
				PRODUCT_NAME = "$(TARGET_NAME)";
				SWIFT_EMIT_LOC_STRINGS = YES;
				SWIFT_VERSION = 5.0;
				TARGETED_DEVICE_FAMILY = "1,2";
			};
			name = Debug;
		};
		3F900D2D2BD0E7DA00D2157F /* Release */ = {
			isa = XCBuildConfiguration;
			buildSettings = {
				ALWAYS_EMBED_SWIFT_STANDARD_LIBRARIES = YES;
				ASSETCATALOG_COMPILER_APPICON_NAME = AppIcon;
				ASSETCATALOG_COMPILER_GLOBAL_ACCENT_COLOR_NAME = AccentColor;
				CODE_SIGN_STYLE = Automatic;
				CURRENT_PROJECT_VERSION = 1;
				DEVELOPMENT_ASSET_PATHS = "\"0706012210018-NicholasChristopherSantoso-AFL3/Preview Content\"";
				ENABLE_PREVIEWS = YES;
				GENERATE_INFOPLIST_FILE = YES;
				INFOPLIST_KEY_UIApplicationSceneManifest_Generation = YES;
				INFOPLIST_KEY_UIApplicationSupportsIndirectInputEvents = YES;
				INFOPLIST_KEY_UILaunchScreen_Generation = YES;
				INFOPLIST_KEY_UISupportedInterfaceOrientations_iPad = "UIInterfaceOrientationPortrait UIInterfaceOrientationPortraitUpsideDown UIInterfaceOrientationLandscapeLeft UIInterfaceOrientationLandscapeRight";
				INFOPLIST_KEY_UISupportedInterfaceOrientations_iPhone = "UIInterfaceOrientationPortrait UIInterfaceOrientationLandscapeLeft UIInterfaceOrientationLandscapeRight";
				LD_RUNPATH_SEARCH_PATHS = (
					"$(inherited)",
					"@executable_path/Frameworks",
				);
				MARKETING_VERSION = 1.0;
				PRODUCT_BUNDLE_IDENTIFIER = "com.nicholascs.-706012210018-NicholasChristopherSantoso-AFL3";
				PRODUCT_NAME = "$(TARGET_NAME)";
				SWIFT_EMIT_LOC_STRINGS = YES;
				SWIFT_VERSION = 5.0;
				TARGETED_DEVICE_FAMILY = "1,2";
			};
			name = Release;
		};
/* End XCBuildConfiguration section */

/* Begin XCConfigurationList section */
		3F51DBD92BE36B51003A0974 /* Build configuration list for PBXNativeTarget "WatchLandmarks Watch App" */ = {
			isa = XCConfigurationList;
			buildConfigurations = (
				3F51DBDA2BE36B51003A0974 /* Debug */,
				3F51DBDB2BE36B51003A0974 /* Release */,
			);
			defaultConfigurationIsVisible = 0;
			defaultConfigurationName = Release;
		};
		3F900D002BD0E7D900D2157F /* Build configuration list for PBXProject "0706012210018-NicholasChristopherSantoso-AFL3" */ = {
			isa = XCConfigurationList;
			buildConfigurations = (
				3F900D292BD0E7DA00D2157F /* Debug */,
				3F900D2A2BD0E7DA00D2157F /* Release */,
			);
			defaultConfigurationIsVisible = 0;
			defaultConfigurationName = Release;
		};
		3F900D2B2BD0E7DA00D2157F /* Build configuration list for PBXNativeTarget "0706012210018-NicholasChristopherSantoso-AFL3" */ = {
			isa = XCConfigurationList;
			buildConfigurations = (
				3F900D2C2BD0E7DA00D2157F /* Debug */,
				3F900D2D2BD0E7DA00D2157F /* Release */,
			);
			defaultConfigurationIsVisible = 0;
			defaultConfigurationName = Release;
		};
/* End XCConfigurationList section */
	};
	rootObject = 3F900CFD2BD0E7D900D2157F /* Project object */;
}
